
Microsoft Visual Studio Solution File, Format Version 12.00
# Visual Studio 15
VisualStudioVersion = 15.0.27004.2002
MinimumVisualStudioVersion = 10.0.40219.1
Project("{FAE04EC0-301F-11D3-BF4B-00C04F79EFBC}") = "EcommerceTaskAPI", "EcommerceTaskAPI\EcommerceTaskAPI.csproj", "{4D0817EC-481F-4B24-9A50-C9AC87A0553A}"
EndProject
Global
	GlobalSection(SolutionConfigurationPlatforms) = preSolution
		Debug|Any CPU = Debug|Any CPU
		Release|Any CPU = Release|Any CPU
	EndGlobalSection
	GlobalSection(ProjectConfigurationPlatforms) = postSolution
		{4D0817EC-481F-4B24-9A50-C9AC87A0553A}.Debug|Any CPU.ActiveCfg = Debug|Any CPU
		{4D0817EC-481F-4B24-9A50-C9AC87A0553A}.Debug|Any CPU.Build.0 = Debug|Any CPU
		{4D0817EC-481F-4B24-9A50-C9AC87A0553A}.Release|Any CPU.ActiveCfg = Release|Any CPU
		{4D0817EC-481F-4B24-9A50-C9AC87A0553A}.Release|Any CPU.Build.0 = Release|Any CPU
	EndGlobalSection
	GlobalSection(SolutionProperties) = preSolution
		HideSolutionNode = FALSE
	EndGlobalSection
	GlobalSection(ExtensibilityGlobals) = postSolution
		SolutionGuid = {01839E6B-20FE-4F40-BF28-4A0223BDA250}
	EndGlobalSection
EndGlobal
